
Microsoft Visual Studio Solution File, Format Version 12.00
# Visual Studio Version 17
VisualStudioVersion = 17.14.36616.10 d17.14
MinimumVisualStudioVersion = 10.0.40219.1
Project("{FAE04EC0-301F-11D3-BF4B-00C04F79EFBC}") = "WebMyAnimeList", "WebMyAnimeList\WebMyAnimeList.csproj", "{6D8E850C-C870-40F1-9707-AE40A3430ED6}"
EndProject
Project("{FAE04EC0-301F-11D3-BF4B-00C04F79EFBC}") = "WebMyAnimeList.Logic", "WebMyAnimeList.Logic\WebMyAnimeList.Logic.csproj", "{656112E1-4CB3-4DE5-91BD-36390FBE05BC}"
EndProject
Project("{FAE04EC0-301F-11D3-BF4B-00C04F79EFBC}") = "WebMyAnimeList.Data", "WebMyAnimeList.Data\WebMyAnimeList.Data.csproj", "{FCCA5B27-45D0-4B7D-B0D4-8FE3BFB16078}"
EndProject
Project("{FAE04EC0-301F-11D3-BF4B-00C04F79EFBC}") = "WebMyAnimeList.Models", "WebMyAnimeList.Models\WebMyAnimeList.Models.csproj", "{6D58F0E4-D5D7-4563-A7A1-B3E0C43AB044}"
EndProject
Global
	GlobalSection(SolutionConfigurationPlatforms) = preSolution
		Debug|Any CPU = Debug|Any CPU
		Release|Any CPU = Release|Any CPU
	EndGlobalSection
	GlobalSection(ProjectConfigurationPlatforms) = postSolution
		{6D8E850C-C870-40F1-9707-AE40A3430ED6}.Debug|Any CPU.ActiveCfg = Debug|Any CPU
		{6D8E850C-C870-40F1-9707-AE40A3430ED6}.Debug|Any CPU.Build.0 = Debug|Any CPU
		{6D8E850C-C870-40F1-9707-AE40A3430ED6}.Release|Any CPU.ActiveCfg = Release|Any CPU
		{6D8E850C-C870-40F1-9707-AE40A3430ED6}.Release|Any CPU.Build.0 = Release|Any CPU
		{656112E1-4CB3-4DE5-91BD-36390FBE05BC}.Debug|Any CPU.ActiveCfg = Debug|Any CPU
		{656112E1-4CB3-4DE5-91BD-36390FBE05BC}.Debug|Any CPU.Build.0 = Debug|Any CPU
		{656112E1-4CB3-4DE5-91BD-36390FBE05BC}.Release|Any CPU.ActiveCfg = Release|Any CPU
		{656112E1-4CB3-4DE5-91BD-36390FBE05BC}.Release|Any CPU.Build.0 = Release|Any CPU
		{FCCA5B27-45D0-4B7D-B0D4-8FE3BFB16078}.Debug|Any CPU.ActiveCfg = Debug|Any CPU
		{FCCA5B27-45D0-4B7D-B0D4-8FE3BFB16078}.Debug|Any CPU.Build.0 = Debug|Any CPU
		{FCCA5B27-45D0-4B7D-B0D4-8FE3BFB16078}.Release|Any CPU.ActiveCfg = Release|Any CPU
		{FCCA5B27-45D0-4B7D-B0D4-8FE3BFB16078}.Release|Any CPU.Build.0 = Release|Any CPU
		{6D58F0E4-D5D7-4563-A7A1-B3E0C43AB044}.Debug|Any CPU.ActiveCfg = Debug|Any CPU
		{6D58F0E4-D5D7-4563-A7A1-B3E0C43AB044}.Debug|Any CPU.Build.0 = Debug|Any CPU
		{6D58F0E4-D5D7-4563-A7A1-B3E0C43AB044}.Release|Any CPU.ActiveCfg = Release|Any CPU
		{6D58F0E4-D5D7-4563-A7A1-B3E0C43AB044}.Release|Any CPU.Build.0 = Release|Any CPU
	EndGlobalSection
	GlobalSection(SolutionProperties) = preSolution
		HideSolutionNode = FALSE
	EndGlobalSection
	GlobalSection(ExtensibilityGlobals) = postSolution
		SolutionGuid = {94B16039-0635-47BA-B2DB-58893F15E05D}
	EndGlobalSection
EndGlobal
